
Microsoft Visual Studio Solution File, Format Version 12.00
# Visual Studio Version 17
VisualStudioVersion = 17.14.36203.30
MinimumVisualStudioVersion = 10.0.40219.1
Project("{2150E333-8FDC-42A3-9474-1A3956D46DE8}") = "src", "src", "{02EA681E-C7D8-13C7-8484-4AC65E1B71E8}"
EndProject
Project("{2150E333-8FDC-42A3-9474-1A3956D46DE8}") = "tests", "tests", "{269BD7E6-7105-49D2-ADEF-411F8DBE9C88}"
EndProject
Project("{2150E333-8FDC-42A3-9474-1A3956D46DE8}") = "Backend", "Backend", "{BED1EA35-583E-40AB-964C-F92AF1FEC809}"
EndProject
Project("{2150E333-8FDC-42A3-9474-1A3956D46DE8}") = "Shared", "Shared", "{9D6A2984-B777-4828-81DC-7A4253B7D7B7}"
EndProject
Project("{FAE04EC0-301F-11D3-BF4B-00C04F79EFBC}") = "Evolutio.API", "src\Backend\Evolutio.API\Evolutio.API.csproj", "{B3CD3C51-05F0-4675-9A2D-B3B8F2A660CF}"
EndProject
Project("{FAE04EC0-301F-11D3-BF4B-00C04F79EFBC}") = "Evolutio.Application", "src\Backend\Evolutio.Application\Evolutio.Application.csproj", "{4AA2A01F-2B69-434D-9DB3-419C7110ED37}"
EndProject
Project("{FAE04EC0-301F-11D3-BF4B-00C04F79EFBC}") = "Evolutio.Domain", "src\Backend\Evolutio.Domain\Evolutio.Domain\Evolutio.Domain.csproj", "{94505872-8B90-48E1-B26A-32796CECEF17}"
EndProject
Project("{FAE04EC0-301F-11D3-BF4B-00C04F79EFBC}") = "Evolutio.Infrastructure", "src\Backend\Evolutio.Infrastructure\Evolutio.Infrastructure.csproj", "{E91528F6-0E6E-473C-8E38-F2221D572E28}"
EndProject
Project("{FAE04EC0-301F-11D3-BF4B-00C04F79EFBC}") = "Evolutio.Communication", "src\Shared\Evolutio.Communication\Evolutio.Communication.csproj", "{D7074C45-7D7F-429F-87D3-E398961086E8}"
EndProject
Project("{FAE04EC0-301F-11D3-BF4B-00C04F79EFBC}") = "Evolutio.Exception", "src\Shared\Evolutio.Exception\Evolutio.Exception.csproj", "{AF3C7BAA-11E9-44D6-A5A3-782A5119C2A6}"
EndProject
Project("{FAE04EC0-301F-11D3-BF4B-00C04F79EFBC}") = "Validators.Test", "tests\Validators.Test\Validators.Test.csproj", "{931F8CD2-7C49-413F-B2E3-8FCB1A689342}"
EndProject
Project("{FAE04EC0-301F-11D3-BF4B-00C04F79EFBC}") = "CommonTestUtilities", "tests\CommonTestUtilities\CommonTestUtilities.csproj", "{C800A3C0-C74B-441D-9AF8-5A8FF2DB46E7}"
EndProject
Project("{FAE04EC0-301F-11D3-BF4B-00C04F79EFBC}") = "UseCases.Test", "tests\UseCases.Test\UseCases.Test.csproj", "{D5E0C398-282F-4422-81DD-9B52D2BBCBF5}"
EndProject
Project("{FAE04EC0-301F-11D3-BF4B-00C04F79EFBC}") = "WebApi.Test", "tests\WebApi.Test\WebApi.Test.csproj", "{0486A5C0-81B5-4975-BA3A-F2A7456EE604}"
EndProject
Project("{2150E333-8FDC-42A3-9474-1A3956D46DE8}") = "Frontend", "Frontend", "{88F02D8D-E0E4-4C91-8262-A0F8128AB532}"
EndProject
Project("{FAE04EC0-301F-11D3-BF4B-00C04F79EFBC}") = "Evolutio.Web", "src\Frontend\Evolutio.Web\Evolutio.Web.csproj", "{7EEFAD20-44AF-43A3-A57A-B698E28A2E94}"
EndProject
Global
	GlobalSection(SolutionConfigurationPlatforms) = preSolution
		Debug|Any CPU = Debug|Any CPU
		Release|Any CPU = Release|Any CPU
	EndGlobalSection
	GlobalSection(ProjectConfigurationPlatforms) = postSolution
		{B3CD3C51-05F0-4675-9A2D-B3B8F2A660CF}.Debug|Any CPU.ActiveCfg = Debug|Any CPU
		{B3CD3C51-05F0-4675-9A2D-B3B8F2A660CF}.Debug|Any CPU.Build.0 = Debug|Any CPU
		{B3CD3C51-05F0-4675-9A2D-B3B8F2A660CF}.Release|Any CPU.ActiveCfg = Release|Any CPU
		{B3CD3C51-05F0-4675-9A2D-B3B8F2A660CF}.Release|Any CPU.Build.0 = Release|Any CPU
		{4AA2A01F-2B69-434D-9DB3-419C7110ED37}.Debug|Any CPU.ActiveCfg = Debug|Any CPU
		{4AA2A01F-2B69-434D-9DB3-419C7110ED37}.Debug|Any CPU.Build.0 = Debug|Any CPU
		{4AA2A01F-2B69-434D-9DB3-419C7110ED37}.Release|Any CPU.ActiveCfg = Release|Any CPU
		{4AA2A01F-2B69-434D-9DB3-419C7110ED37}.Release|Any CPU.Build.0 = Release|Any CPU
		{94505872-8B90-48E1-B26A-32796CECEF17}.Debug|Any CPU.ActiveCfg = Debug|Any CPU
		{94505872-8B90-48E1-B26A-32796CECEF17}.Debug|Any CPU.Build.0 = Debug|Any CPU
		{94505872-8B90-48E1-B26A-32796CECEF17}.Release|Any CPU.ActiveCfg = Release|Any CPU
		{94505872-8B90-48E1-B26A-32796CECEF17}.Release|Any CPU.Build.0 = Release|Any CPU
		{E91528F6-0E6E-473C-8E38-F2221D572E28}.Debug|Any CPU.ActiveCfg = Debug|Any CPU
		{E91528F6-0E6E-473C-8E38-F2221D572E28}.Debug|Any CPU.Build.0 = Debug|Any CPU
		{E91528F6-0E6E-473C-8E38-F2221D572E28}.Release|Any CPU.ActiveCfg = Release|Any CPU
		{E91528F6-0E6E-473C-8E38-F2221D572E28}.Release|Any CPU.Build.0 = Release|Any CPU
		{D7074C45-7D7F-429F-87D3-E398961086E8}.Debug|Any CPU.ActiveCfg = Debug|Any CPU
		{D7074C45-7D7F-429F-87D3-E398961086E8}.Debug|Any CPU.Build.0 = Debug|Any CPU
		{D7074C45-7D7F-429F-87D3-E398961086E8}.Release|Any CPU.ActiveCfg = Release|Any CPU
		{D7074C45-7D7F-429F-87D3-E398961086E8}.Release|Any CPU.Build.0 = Release|Any CPU
		{AF3C7BAA-11E9-44D6-A5A3-782A5119C2A6}.Debug|Any CPU.ActiveCfg = Debug|Any CPU
		{AF3C7BAA-11E9-44D6-A5A3-782A5119C2A6}.Debug|Any CPU.Build.0 = Debug|Any CPU
		{AF3C7BAA-11E9-44D6-A5A3-782A5119C2A6}.Release|Any CPU.ActiveCfg = Release|Any CPU
		{AF3C7BAA-11E9-44D6-A5A3-782A5119C2A6}.Release|Any CPU.Build.0 = Release|Any CPU
		{931F8CD2-7C49-413F-B2E3-8FCB1A689342}.Debug|Any CPU.ActiveCfg = Debug|Any CPU
		{931F8CD2-7C49-413F-B2E3-8FCB1A689342}.Debug|Any CPU.Build.0 = Debug|Any CPU
		{931F8CD2-7C49-413F-B2E3-8FCB1A689342}.Release|Any CPU.ActiveCfg = Release|Any CPU
		{931F8CD2-7C49-413F-B2E3-8FCB1A689342}.Release|Any CPU.Build.0 = Release|Any CPU
		{C800A3C0-C74B-441D-9AF8-5A8FF2DB46E7}.Debug|Any CPU.ActiveCfg = Debug|Any CPU
		{C800A3C0-C74B-441D-9AF8-5A8FF2DB46E7}.Debug|Any CPU.Build.0 = Debug|Any CPU
		{C800A3C0-C74B-441D-9AF8-5A8FF2DB46E7}.Release|Any CPU.ActiveCfg = Release|Any CPU
		{C800A3C0-C74B-441D-9AF8-5A8FF2DB46E7}.Release|Any CPU.Build.0 = Release|Any CPU
		{D5E0C398-282F-4422-81DD-9B52D2BBCBF5}.Debug|Any CPU.ActiveCfg = Debug|Any CPU
		{D5E0C398-282F-4422-81DD-9B52D2BBCBF5}.Debug|Any CPU.Build.0 = Debug|Any CPU
		{D5E0C398-282F-4422-81DD-9B52D2BBCBF5}.Release|Any CPU.ActiveCfg = Release|Any CPU
		{D5E0C398-282F-4422-81DD-9B52D2BBCBF5}.Release|Any CPU.Build.0 = Release|Any CPU
		{0486A5C0-81B5-4975-BA3A-F2A7456EE604}.Debug|Any CPU.ActiveCfg = Debug|Any CPU
		{0486A5C0-81B5-4975-BA3A-F2A7456EE604}.Debug|Any CPU.Build.0 = Debug|Any CPU
		{0486A5C0-81B5-4975-BA3A-F2A7456EE604}.Release|Any CPU.ActiveCfg = Release|Any CPU
		{0486A5C0-81B5-4975-BA3A-F2A7456EE604}.Release|Any CPU.Build.0 = Release|Any CPU
		{7EEFAD20-44AF-43A3-A57A-B698E28A2E94}.Debug|Any CPU.ActiveCfg = Debug|Any CPU
		{7EEFAD20-44AF-43A3-A57A-B698E28A2E94}.Debug|Any CPU.Build.0 = Debug|Any CPU
		{7EEFAD20-44AF-43A3-A57A-B698E28A2E94}.Release|Any CPU.ActiveCfg = Release|Any CPU
		{7EEFAD20-44AF-43A3-A57A-B698E28A2E94}.Release|Any CPU.Build.0 = Release|Any CPU
	EndGlobalSection
	GlobalSection(SolutionProperties) = preSolution
		HideSolutionNode = FALSE
	EndGlobalSection
	GlobalSection(NestedProjects) = preSolution
		{BED1EA35-583E-40AB-964C-F92AF1FEC809} = {02EA681E-C7D8-13C7-8484-4AC65E1B71E8}
		{9D6A2984-B777-4828-81DC-7A4253B7D7B7} = {02EA681E-C7D8-13C7-8484-4AC65E1B71E8}
		{B3CD3C51-05F0-4675-9A2D-B3B8F2A660CF} = {BED1EA35-583E-40AB-964C-F92AF1FEC809}
		{4AA2A01F-2B69-434D-9DB3-419C7110ED37} = {BED1EA35-583E-40AB-964C-F92AF1FEC809}
		{94505872-8B90-48E1-B26A-32796CECEF17} = {BED1EA35-583E-40AB-964C-F92AF1FEC809}
		{E91528F6-0E6E-473C-8E38-F2221D572E28} = {BED1EA35-583E-40AB-964C-F92AF1FEC809}
		{D7074C45-7D7F-429F-87D3-E398961086E8} = {9D6A2984-B777-4828-81DC-7A4253B7D7B7}
		{AF3C7BAA-11E9-44D6-A5A3-782A5119C2A6} = {9D6A2984-B777-4828-81DC-7A4253B7D7B7}
		{931F8CD2-7C49-413F-B2E3-8FCB1A689342} = {269BD7E6-7105-49D2-ADEF-411F8DBE9C88}
		{C800A3C0-C74B-441D-9AF8-5A8FF2DB46E7} = {269BD7E6-7105-49D2-ADEF-411F8DBE9C88}
		{D5E0C398-282F-4422-81DD-9B52D2BBCBF5} = {269BD7E6-7105-49D2-ADEF-411F8DBE9C88}
		{0486A5C0-81B5-4975-BA3A-F2A7456EE604} = {269BD7E6-7105-49D2-ADEF-411F8DBE9C88}
		{88F02D8D-E0E4-4C91-8262-A0F8128AB532} = {02EA681E-C7D8-13C7-8484-4AC65E1B71E8}
		{7EEFAD20-44AF-43A3-A57A-B698E28A2E94} = {88F02D8D-E0E4-4C91-8262-A0F8128AB532}
	EndGlobalSection
	GlobalSection(ExtensibilityGlobals) = postSolution
		SolutionGuid = {3B49909B-0FF8-45D2-842A-804B232CAD5E}
	EndGlobalSection
EndGlobal
